# THIS IS AN AUTOGENERATED FILE. DO NOT EDIT THIS FILE DIRECTLY.
# yarn lockfile v1


"@babel/runtime@^7.0.0":
  version "7.14.0"
  resolved "https://registry.yarnpkg.com/@babel/runtime/-/runtime-7.14.0.tgz#46794bc20b612c5f75e62dd071e24dfd95f1cbe6"
  integrity sha512-JELkvo/DlpNdJ7dlyw/eY7E0suy5i5GQH+Vlxaq1nsNJ+H7f4Vtv3jMeCEgRhZZQFXTjldYfQgv2qmM6M1v5wA==
  dependencies:
    regenerator-runtime "^0.13.4"

"@mateuszmigas/react-dropdown@^0.9.3":
  version "0.9.3"
  resolved "https://registry.yarnpkg.com/@mateuszmigas/react-dropdown/-/react-dropdown-0.9.3.tgz#57afc025493f398581b6620607aa9aa2d8795e58"
  integrity sha512-yMRFIc56vqszkcfiL9K7CndO5xSi+66R0/8dUfAvR8G8rlEjaiwOZR5eL8i2F0bNJF7/Y7IHHYLEXffcinZ0BA==
  dependencies:
    "@mateuszmigas/react-union-state" "^1.0.2"
    react-window "^1.8.5"
    react-window-infinite-loader "^1.0.5"

"@mateuszmigas/react-union-state@^1.0.2":
  version "1.0.2"
  resolved "https://registry.yarnpkg.com/@mateuszmigas/react-union-state/-/react-union-state-1.0.2.tgz#72044653e6ed135ad85a1d24ceca369b4c6f3f8d"
  integrity sha512-6WEdlC1p0KDiT+kfDyHmohwkeMApKcZq/o8h0z8UXu7ofbsgiRK6ilpSJWbC/ghmJOuadNCIsH6UUhu6p+4epQ==

"@types/chrome@^0.0.143":
  version "0.0.143"
  resolved "https://registry.yarnpkg.com/@types/chrome/-/chrome-0.0.143.tgz#0722fd6c76a73003fa220d869d2dbc8afd581810"
  integrity sha512-tkPDutWjEl/9hPnfR48IJLpH2Xg1Zs/vxfODRp7duY5a4frkULOHvEED8moJsELTrFkiEciwCxAjxVk2XhKSsA==
  dependencies:
    "@types/filesystem" "*"
    "@types/har-format" "*"

"@types/filesystem@*":
  version "0.0.30"
  resolved "https://registry.yarnpkg.com/@types/filesystem/-/filesystem-0.0.30.tgz#a7373a2edf34d13e298baf7ee1101f738b2efb7e"
  integrity sha512-NCoRgmGmLpTT9VFL6Bb6z0jQuqI3d0E5FGl7M0JOv/J5RQYo9s5aOItPYnpckx9MbYQk1APLXcF8f20Vqnf2yA==
  dependencies:
    "@types/filewriter" "*"

"@types/filewriter@*":
  version "0.0.29"
  resolved "https://registry.yarnpkg.com/@types/filewriter/-/filewriter-0.0.29.tgz#a48795ecadf957f6c0d10e0c34af86c098fa5bee"
  integrity sha512-BsPXH/irW0ht0Ji6iw/jJaK8Lj3FJemon2gvEqHKpCdDCeemHa+rI3WBGq5z7cDMZgoLjY40oninGxqk+8NzNQ==

"@types/har-format@*":
  version "1.2.5"
  resolved "https://registry.yarnpkg.com/@types/har-format/-/har-format-1.2.5.tgz#4f6648814d0fdcb6a510e3364a9db439a753c4b1"
  integrity sha512-IG8AE1m2pWtPqQ7wXhFhy6Q59bwwnLwO36v5Rit2FrbXCIp8Sk8E2PfUCreyrdo17STwFSKDAkitVuVYbpEHvQ==

"@types/preact-virtual-list@^0.3.0":
  version "0.3.0"
  resolved "https://registry.yarnpkg.com/@types/preact-virtual-list/-/preact-virtual-list-0.3.0.tgz#e4c89e831ce34e1c7920da7c35f5e7f8b3fd2ca7"
  integrity sha512-Y60xNb0RuC9/Hd+DhQho2Gfwir0YJnPg4pt05d/fZShC2uWZRhynudeldxG/0aAAej/uEtRkdEmG+WGteFyOHA==
  dependencies:
    preact "^10.0.0"

"@types/prop-types@*":
  version "15.7.3"
  resolved "https://registry.yarnpkg.com/@types/prop-types/-/prop-types-15.7.3.tgz#2ab0d5da2e5815f94b0b9d4b95d1e5f243ab2ca7"
  integrity sha512-KfRL3PuHmqQLOG+2tGpRO26Ctg+Cq1E01D2DMriKEATHgWLfeNDmq9e29Q9WIky0dQ3NPkd1mzYH8Lm936Z9qw==

"@types/react-dom@^17.0.5":
  version "17.0.5"
  resolved "https://registry.yarnpkg.com/@types/react-dom/-/react-dom-17.0.5.tgz#df44eed5b8d9e0b13bb0cd38e0ea6572a1231227"
  integrity sha512-ikqukEhH4H9gr4iJCmQVNzTB307kROe3XFfHAOTxOXPOw7lAoEXnM5KWTkzeANGL5Ce6ABfiMl/zJBYNi7ObmQ==
  dependencies:
    "@types/react" "*"

"@types/react@*", "@types/react@^17.0.8":
  version "17.0.8"
  resolved "https://registry.yarnpkg.com/@types/react/-/react-17.0.8.tgz#fe76e3ba0fbb5602704110fd1e3035cf394778e3"
  integrity sha512-3sx4c0PbXujrYAKwXxNONXUtRp9C+hE2di0IuxFyf5BELD+B+AXL8G7QrmSKhVwKZDbv0igiAjQAMhXj8Yg3aw==
  dependencies:
    "@types/prop-types" "*"
    "@types/scheduler" "*"
    csstype "^3.0.2"

"@types/scheduler@*":
  version "0.16.1"
  resolved "https://registry.yarnpkg.com/@types/scheduler/-/scheduler-0.16.1.tgz#18845205e86ff0038517aab7a18a62a6b9f71275"
  integrity sha512-EaCxbanVeyxDRTQBkdLb3Bvl/HK7PBK6UJjsSixB0iHKoWxE5uu2Q/DgtpOhPIojN0Zl1whvOd7PoHs2P0s5eA==

csstype@^3.0.2:
  version "3.0.8"
  resolved "https://registry.yarnpkg.com/csstype/-/csstype-3.0.8.tgz#d2266a792729fb227cd216fb572f43728e1ad340"
  integrity sha512-jXKhWqXPmlUeoQnF/EhTtTl4C9SnrxSH/jZUih3jmO6lBKr99rP3/+FmrMj4EFpOXzMtXHAZkd3x0E6h6Fgflw==

esbuild@^0.12.5:
  version "0.12.5"
  resolved "https://registry.yarnpkg.com/esbuild/-/esbuild-0.12.5.tgz#36076a6bc1966ba2741981d30512e95e8aaff495"
  integrity sha512-vcuP53pA5XiwUU4FnlXM+2PnVjTfHGthM7uP1gtp+9yfheGvFFbq/KyuESThmtoHPUrfZH5JpxGVJIFDVD1Egw==

"js-tokens@^3.0.0 || ^4.0.0":
  version "4.0.0"
  resolved "https://registry.yarnpkg.com/js-tokens/-/js-tokens-4.0.0.tgz#19203fb59991df98e3a287050d4647cdeaf32499"
  integrity sha512-RdJUflcE3cUzKiMqQgsCu06FPu9UdIJO0beYbPhHN4k6apgJtifcoCtT9bcxOpYBtpD2kCM6Sbzg4CausW/PKQ==

loose-envify@^1.1.0:
  version "1.4.0"
  resolved "https://registry.yarnpkg.com/loose-envify/-/loose-envify-1.4.0.tgz#71ee51fa7be4caec1a63839f7e682d8132d30caf"
  integrity sha512-lyuxPGr/Wfhrlem2CL/UcnUc1zcqKAImBDzukY7Y5F/yQiNdko6+fRLevlw1HgMySw7f611UIY408EtxRSoK3Q==
  dependencies:
    js-tokens "^3.0.0 || ^4.0.0"

"memoize-one@>=3.1.1 <6":
  version "5.2.1"
  resolved "https://registry.yarnpkg.com/memoize-one/-/memoize-one-5.2.1.tgz#8337aa3c4335581839ec01c3d594090cebe8f00e"
  integrity sha512-zYiwtZUcYyXKo/np96AGZAckk+FWWsUdJ3cHGGmld7+AhvcWmQyGCYUh1hc4Q/pkOhb65dQR/pqCyK0cOaHz4Q==

object-assign@^4.1.1:
  version "4.1.1"
  resolved "https://registry.yarnpkg.com/object-assign/-/object-assign-4.1.1.tgz#2109adc7965887cfc05cbbd442cac8bfbb360863"
  integrity sha1-IQmtx5ZYh8/AXLvUQsrIv7s2CGM=

preact-virtual-list@^0.3.1:
  version "0.3.1"
  resolved "https://registry.yarnpkg.com/preact-virtual-list/-/preact-virtual-list-0.3.1.tgz#90977c1d81cebe10b38817c103a8fb3fc8279297"
  integrity sha1-kJd8HYHOvhCziBfBA6j7P8gnkpc=

preact@^10.0.0, preact@^10.5.13:
  version "10.5.13"
  resolved "https://registry.yarnpkg.com/preact/-/preact-10.5.13.tgz#85f6c9197ecd736ce8e3bec044d08fd1330fa019"
  integrity sha512-q/vlKIGNwzTLu+jCcvywgGrt+H/1P/oIRSD6mV4ln3hmlC+Aa34C7yfPI4+5bzW8pONyVXYS7SvXosy2dKKtWQ==

react-dom@^17.0.2:
  version "17.0.2"
  resolved "https://registry.yarnpkg.com/react-dom/-/react-dom-17.0.2.tgz#ecffb6845e3ad8dbfcdc498f0d0a939736502c23"
  integrity sha512-s4h96KtLDUQlsENhMn1ar8t2bEa+q/YAtj8pPPdIjPDGBDIVNsrD9aXNWqspUe6AzKCIG0C1HZZLqLV7qpOBGA==
  dependencies:
    loose-envify "^1.1.0"
    object-assign "^4.1.1"
    scheduler "^0.20.2"

react-window-infinite-loader@^1.0.5:
  version "1.0.7"
  resolved "https://registry.yarnpkg.com/react-window-infinite-loader/-/react-window-infinite-loader-1.0.7.tgz#958ef1a689d20dce122ef377583acd987760aee8"
  integrity sha512-wg3LWkUpG21lhv+cZvNy+p0+vtclZw+9nP2vO6T9PKT50EN1cUq37Dq6FzcM38h/c2domE0gsUhb6jHXtGogAA==

react-window@^1.8.5:
  version "1.8.6"
  resolved "https://registry.yarnpkg.com/react-window/-/react-window-1.8.6.tgz#d011950ac643a994118632665aad0c6382e2a112"
  integrity sha512-8VwEEYyjz6DCnGBsd+MgkD0KJ2/OXFULyDtorIiTz+QzwoP94tBoA7CnbtyXMm+cCeAUER5KJcPtWl9cpKbOBg==
  dependencies:
    "@babel/runtime" "^7.0.0"
    memoize-one ">=3.1.1 <6"

react@^17.0.2:
  version "17.0.2"
  resolved "https://registry.yarnpkg.com/react/-/react-17.0.2.tgz#d0b5cc516d29eb3eee383f75b62864cfb6800037"
  integrity sha512-gnhPt75i/dq/z3/6q/0asP78D0u592D5L1pd7M8P+dck6Fu/jJeL6iVVK23fptSUZj8Vjf++7wXA8UNclGQcbA==
  dependencies:
    loose-envify "^1.1.0"
    object-assign "^4.1.1"

regenerator-runtime@^0.13.4:
  version "0.13.7"
  resolved "https://registry.yarnpkg.com/regenerator-runtime/-/regenerator-runtime-0.13.7.tgz#cac2dacc8a1ea675feaabaeb8ae833898ae46f55"
  integrity sha512-a54FxoJDIr27pgf7IgeQGxmqUNYrcV338lf/6gH456HZ/PhX+5BcwHXG9ajESmwe6WRO0tAzRUrRmNONWgkrew==

scheduler@^0.20.2:
  version "0.20.2"
  resolved "https://registry.yarnpkg.com/scheduler/-/scheduler-0.20.2.tgz#4baee39436e34aa93b4874bddcbf0fe8b8b50e91"
  integrity sha512-2eWfGgAqqWFGqtdMmcL5zCMK1U8KlXv8SQFGglL3CEtd0aDVDWgeF/YoCmvln55m5zSk3J/20hTaSBeSObsQDQ==
  dependencies:
    loose-envify "^1.1.0"
    object-assign "^4.1.1"

typescript@^4.3.2:
  version "4.3.2"
  resolved "https://registry.yarnpkg.com/typescript/-/typescript-4.3.2.tgz#399ab18aac45802d6f2498de5054fcbbe716a805"
  integrity sha512-zZ4hShnmnoVnAHpVHWpTcxdv7dWP60S2FsydQLV8V5PbS3FifjWFFRiHSWpDJahly88PRyV5teTSLoq4eG7mKw==
