# THIS IS AN AUTOGENERATED FILE. DO NOT EDIT THIS FILE DIRECTLY.
# yarn lockfile v1


"@types/chrome@^0.0.143":
  version "0.0.143"
  resolved "https://registry.yarnpkg.com/@types/chrome/-/chrome-0.0.143.tgz#0722fd6c76a73003fa220d869d2dbc8afd581810"
  integrity sha512-tkPDutWjEl/9hPnfR48IJLpH2Xg1Zs/vxfODRp7duY5a4frkULOHvEED8moJsELTrFkiEciwCxAjxVk2XhKSsA==
  dependencies:
    "@types/filesystem" "*"
    "@types/har-format" "*"

"@types/filesystem@*":
  version "0.0.30"
  resolved "https://registry.yarnpkg.com/@types/filesystem/-/filesystem-0.0.30.tgz#a7373a2edf34d13e298baf7ee1101f738b2efb7e"
  integrity sha512-NCoRgmGmLpTT9VFL6Bb6z0jQuqI3d0E5FGl7M0JOv/J5RQYo9s5aOItPYnpckx9MbYQk1APLXcF8f20Vqnf2yA==
  dependencies:
    "@types/filewriter" "*"

"@types/filewriter@*":
  version "0.0.29"
  resolved "https://registry.yarnpkg.com/@types/filewriter/-/filewriter-0.0.29.tgz#a48795ecadf957f6c0d10e0c34af86c098fa5bee"
  integrity sha512-BsPXH/irW0ht0Ji6iw/jJaK8Lj3FJemon2gvEqHKpCdDCeemHa+rI3WBGq5z7cDMZgoLjY40oninGxqk+8NzNQ==

"@types/har-format@*":
  version "1.2.5"
  resolved "https://registry.yarnpkg.com/@types/har-format/-/har-format-1.2.5.tgz#4f6648814d0fdcb6a510e3364a9db439a753c4b1"
  integrity sha512-IG8AE1m2pWtPqQ7wXhFhy6Q59bwwnLwO36v5Rit2FrbXCIp8Sk8E2PfUCreyrdo17STwFSKDAkitVuVYbpEHvQ==

esbuild@^0.12.5:
  version "0.12.5"
  resolved "https://registry.yarnpkg.com/esbuild/-/esbuild-0.12.5.tgz#36076a6bc1966ba2741981d30512e95e8aaff495"
  integrity sha512-vcuP53pA5XiwUU4FnlXM+2PnVjTfHGthM7uP1gtp+9yfheGvFFbq/KyuESThmtoHPUrfZH5JpxGVJIFDVD1Egw==

preact@^10.5.13:
  version "10.5.13"
  resolved "https://registry.yarnpkg.com/preact/-/preact-10.5.13.tgz#85f6c9197ecd736ce8e3bec044d08fd1330fa019"
  integrity sha512-q/vlKIGNwzTLu+jCcvywgGrt+H/1P/oIRSD6mV4ln3hmlC+Aa34C7yfPI4+5bzW8pONyVXYS7SvXosy2dKKtWQ==

typescript@^4.3.2:
  version "4.3.2"
  resolved "https://registry.yarnpkg.com/typescript/-/typescript-4.3.2.tgz#399ab18aac45802d6f2498de5054fcbbe716a805"
  integrity sha512-zZ4hShnmnoVnAHpVHWpTcxdv7dWP60S2FsydQLV8V5PbS3FifjWFFRiHSWpDJahly88PRyV5teTSLoq4eG7mKw==
